
Microsoft Visual Studio Solution File, Format Version 12.00
# Visual Studio Version 16
VisualStudioVersion = 16.0.31019.35
MinimumVisualStudioVersion = 10.0.40219.1
Project("{FAE04EC0-301F-11D3-BF4B-00C04F79EFBC}") = "WAD_CW_WeatherApp", "WAD_CW_WeatherApp\WAD_CW_WeatherApp.csproj", "{DCD71C78-5513-4F0D-A98D-B9D7A51582F4}"
EndProject
Project("{FAE04EC0-301F-11D3-BF4B-00C04F79EFBC}") = "DAL_7224", "DAL_7224\DAL_7224.csproj", "{403F3472-B0A3-4A71-8126-FCF398B13CBD}"
EndProject
Global
	GlobalSection(SolutionConfigurationPlatforms) = preSolution
		Debug|Any CPU = Debug|Any CPU
		Release|Any CPU = Release|Any CPU
	EndGlobalSection
	GlobalSection(ProjectConfigurationPlatforms) = postSolution
		{DCD71C78-5513-4F0D-A98D-B9D7A51582F4}.Debug|Any CPU.ActiveCfg = Debug|Any CPU
		{DCD71C78-5513-4F0D-A98D-B9D7A51582F4}.Debug|Any CPU.Build.0 = Debug|Any CPU
		{DCD71C78-5513-4F0D-A98D-B9D7A51582F4}.Release|Any CPU.ActiveCfg = Release|Any CPU
		{DCD71C78-5513-4F0D-A98D-B9D7A51582F4}.Release|Any CPU.Build.0 = Release|Any CPU
		{403F3472-B0A3-4A71-8126-FCF398B13CBD}.Debug|Any CPU.ActiveCfg = Debug|Any CPU
		{403F3472-B0A3-4A71-8126-FCF398B13CBD}.Debug|Any CPU.Build.0 = Debug|Any CPU
		{403F3472-B0A3-4A71-8126-FCF398B13CBD}.Release|Any CPU.ActiveCfg = Release|Any CPU
		{403F3472-B0A3-4A71-8126-FCF398B13CBD}.Release|Any CPU.Build.0 = Release|Any CPU
	EndGlobalSection
	GlobalSection(SolutionProperties) = preSolution
		HideSolutionNode = FALSE
	EndGlobalSection
	GlobalSection(ExtensibilityGlobals) = postSolution
		SolutionGuid = {E53B1F48-03C0-4C72-9E6C-3C06F0F1452F}
	EndGlobalSection
EndGlobal
